// !$*UTF8*$!
{
	archiveVersion = 1;
	classes = {
	};
	objectVersion = 46;
	objects = {

/* Begin PBXBuildFile section */
		188567711B73EF2300223B81 /* Movie.m in Sources */ = {isa = PBXBuildFile; fileRef = 188567701B73EF2300223B81 /* Movie.m */; };
		18ACBDF31B559FA800733580 /* main.m in Sources */ = {isa = PBXBuildFile; fileRef = 18ACBDF21B559FA800733580 /* main.m */; };
		18ACBDF61B559FA800733580 /* AppDelegate.m in Sources */ = {isa = PBXBuildFile; fileRef = 18ACBDF51B559FA800733580 /* AppDelegate.m */; };
		18ACBDF91B559FA800733580 /* ViewController.m in Sources */ = {isa = PBXBuildFile; fileRef = 18ACBDF81B559FA800733580 /* ViewController.m */; };
		18ACBDFE1B559FA800733580 /* Images.xcassets in Resources */ = {isa = PBXBuildFile; fileRef = 18ACBDFD1B559FA800733580 /* Images.xcassets */; };
		18ACBE011B559FA800733580 /* LaunchScreen.xib in Resources */ = {isa = PBXBuildFile; fileRef = 18ACBDFF1B559FA800733580 /* LaunchScreen.xib */; };
		18ACBE0D1B559FA800733580 /* MoviesTests.m in Sources */ = {isa = PBXBuildFile; fileRef = 18ACBE0C1B559FA800733580 /* MoviesTests.m */; };
		B013DB7EB5FDEB1B6A64F282 /* libPods.a in Frameworks */ = {isa = PBXBuildFile; fileRef = 917A9CA54CC18EAC537264AF /* libPods.a */; };
/* End PBXBuildFile section */

/* Begin PBXContainerItemProxy section */
		18ACBE071B559FA800733580 /* PBXContainerItemProxy */ = {
			isa = PBXContainerItemProxy;
			containerPortal = 18ACBDE51B559FA800733580 /* Project object */;
			proxyType = 1;
			remoteGlobalIDString = 18ACBDEC1B559FA800733580;
			remoteInfo = Movies;
		};
/* End PBXContainerItemProxy section */

/* Begin PBXFileReference section */
		1885676F1B73EF2300223B81 /* Movie.h */ = {isa = PBXFileReference; fileEncoding = 4; lastKnownFileType = sourcecode.c.h; path = Movie.h; sourceTree = "<group>"; };
		188567701B73EF2300223B81 /* Movie.m */ = {isa = PBXFileReference; fileEncoding = 4; lastKnownFileType = sourcecode.c.objc; path = Movie.m; sourceTree = "<group>"; };
		18ACBDED1B559FA800733580 /* Movies.app */ = {isa = PBXFileReference; explicitFileType = wrapper.application; includeInIndex = 0; path = Movies.app; sourceTree = BUILT_PRODUCTS_DIR; };
		18ACBDF11B559FA800733580 /* Info.plist */ = {isa = PBXFileReference; lastKnownFileType = text.plist.xml; path = Info.plist; sourceTree = "<group>"; };
		18ACBDF21B559FA800733580 /* main.m */ = {isa = PBXFileReference; lastKnownFileType = sourcecode.c.objc; path = main.m; sourceTree = "<group>"; };
		18ACBDF41B559FA800733580 /* AppDelegate.h */ = {isa = PBXFileReference; lastKnownFileType = sourcecode.c.h; path = AppDelegate.h; sourceTree = "<group>"; };
		18ACBDF51B559FA800733580 /* AppDelegate.m */ = {isa = PBXFileReference; lastKnownFileType = sourcecode.c.objc; path = AppDelegate.m; sourceTree = "<group>"; };
		18ACBDF71B559FA800733580 /* ViewController.h */ = {isa = PBXFileReference; lastKnownFileType = sourcecode.c.h; path = ViewController.h; sourceTree = "<group>"; };
		18ACBDF81B559FA800733580 /* ViewController.m */ = {isa = PBXFileReference; lastKnownFileType = sourcecode.c.objc; path = ViewController.m; sourceTree = "<group>"; };
		18ACBDFD1B559FA800733580 /* Images.xcassets */ = {isa = PBXFileReference; lastKnownFileType = folder.assetcatalog; path = Images.xcassets; sourceTree = "<group>"; };
		18ACBE001B559FA800733580 /* Base */ = {isa = PBXFileReference; lastKnownFileType = file.xib; name = Base; path = Base.lproj/LaunchScreen.xib; sourceTree = "<group>"; };
		18ACBE061B559FA800733580 /* MoviesTests.xctest */ = {isa = PBXFileReference; explicitFileType = wrapper.cfbundle; includeInIndex = 0; path = MoviesTests.xctest; sourceTree = BUILT_PRODUCTS_DIR; };
		18ACBE0B1B559FA800733580 /* Info.plist */ = {isa = PBXFileReference; lastKnownFileType = text.plist.xml; path = Info.plist; sourceTree = "<group>"; };
		18ACBE0C1B559FA800733580 /* MoviesTests.m */ = {isa = PBXFileReference; lastKnownFileType = sourcecode.c.objc; path = MoviesTests.m; sourceTree = "<group>"; };
		47977281BCD9910D8F8FC5E0 /* Pods.release.xcconfig */ = {isa = PBXFileReference; includeInIndex = 1; lastKnownFileType = text.xcconfig; name = Pods.release.xcconfig; path = "Pods/Target Support Files/Pods/Pods.release.xcconfig"; sourceTree = "<group>"; };
		5198B192C6674BFA01BDEAF4 /* Pods.debug.xcconfig */ = {isa = PBXFileReference; includeInIndex = 1; lastKnownFileType = text.xcconfig; name = Pods.debug.xcconfig; path = "Pods/Target Support Files/Pods/Pods.debug.xcconfig"; sourceTree = "<group>"; };
		917A9CA54CC18EAC537264AF /* libPods.a */ = {isa = PBXFileReference; explicitFileType = archive.ar; includeInIndex = 0; path = libPods.a; sourceTree = BUILT_PRODUCTS_DIR; };
/* End PBXFileReference section */

/* Begin PBXFrameworksBuildPhase section */
		18ACBDEA1B559FA800733580 /* Frameworks */ = {
			isa = PBXFrameworksBuildPhase;
			buildActionMask = 2147483647;
			files = (
				B013DB7EB5FDEB1B6A64F282 /* libPods.a in Frameworks */,
			);
			runOnlyForDeploymentPostprocessing = 0;
		};
		18ACBE031B559FA800733580 /* Frameworks */ = {
			isa = PBXFrameworksBuildPhase;
			buildActionMask = 2147483647;
			files = (
			);
			runOnlyForDeploymentPostprocessing = 0;
		};
/* End PBXFrameworksBuildPhase section */

/* Begin PBXGroup section */
		18ACBDE41B559FA800733580 = {
			isa = PBXGroup;
			children = (
				18ACBDEF1B559FA800733580 /* Movies */,
				18ACBE091B559FA800733580 /* MoviesTests */,
				18ACBDEE1B559FA800733580 /* Products */,
				BC15B185998AD215E66EF5F6 /* Pods */,
				22EC254C63394E960A49A888 /* Frameworks */,
			);
			sourceTree = "<group>";
		};
		18ACBDEE1B559FA800733580 /* Products */ = {
			isa = PBXGroup;
			children = (
				18ACBDED1B559FA800733580 /* Movies.app */,
				18ACBE061B559FA800733580 /* MoviesTests.xctest */,
			);
			name = Products;
			sourceTree = "<group>";
		};
		18ACBDEF1B559FA800733580 /* Movies */ = {
			isa = PBXGroup;
			children = (
				18ACBDF41B559FA800733580 /* AppDelegate.h */,
				18ACBDF51B559FA800733580 /* AppDelegate.m */,
				18ACBDF71B559FA800733580 /* ViewController.h */,
				18ACBDF81B559FA800733580 /* ViewController.m */,
				18ACBDFD1B559FA800733580 /* Images.xcassets */,
				18ACBDFF1B559FA800733580 /* LaunchScreen.xib */,
				18ACBDF01B559FA800733580 /* Supporting Files */,
				1885676F1B73EF2300223B81 /* Movie.h */,
				188567701B73EF2300223B81 /* Movie.m */,
			);
			path = Movies;
			sourceTree = "<group>";
		};
		18ACBDF01B559FA800733580 /* Supporting Files */ = {
			isa = PBXGroup;
			children = (
				18ACBDF11B559FA800733580 /* Info.plist */,
				18ACBDF21B559FA800733580 /* main.m */,
			);
			name = "Supporting Files";
			sourceTree = "<group>";
		};
		18ACBE091B559FA800733580 /* MoviesTests */ = {
			isa = PBXGroup;
			children = (
				18ACBE0C1B559FA800733580 /* MoviesTests.m */,
				18ACBE0A1B559FA800733580 /* Supporting Files */,
			);
			path = MoviesTests;
			sourceTree = "<group>";
		};
		18ACBE0A1B559FA800733580 /* Supporting Files */ = {
			isa = PBXGroup;
			children = (
				18ACBE0B1B559FA800733580 /* Info.plist */,
			);
			name = "Supporting Files";
			sourceTree = "<group>";
		};
		22EC254C63394E960A49A888 /* Frameworks */ = {
			isa = PBXGroup;
			children = (
				917A9CA54CC18EAC537264AF /* libPods.a */,
			);
			name = Frameworks;
			sourceTree = "<group>";
		};
		BC15B185998AD215E66EF5F6 /* Pods */ = {
			isa = PBXGroup;
			children = (
				5198B192C6674BFA01BDEAF4 /* Pods.debug.xcconfig */,
				47977281BCD9910D8F8FC5E0 /* Pods.release.xcconfig */,
			);
			name = Pods;
			sourceTree = "<group>";
		};
/* End PBXGroup section */

/* Begin PBXNativeTarget section */
		18ACBDEC1B559FA800733580 /* Movies */ = {
			isa = PBXNativeTarget;
			buildConfigurationList = 18ACBE101B559FA800733580 /* Build configuration list for PBXNativeTarget "Movies" */;
			buildPhases = (
				458CDDD01336EBB4EB176223 /* Check Pods Manifest.lock */,
				18ACBDE91B559FA800733580 /* Sources */,
				18ACBDEA1B559FA800733580 /* Frameworks */,
				18ACBDEB1B559FA800733580 /* Resources */,
				C6A90DD085803A5B3FA52DD5 /* Copy Pods Resources */,
			);
			buildRules = (
			);
			dependencies = (
			);
			name = Movies;
			productName = Movies;
			productReference = 18ACBDED1B559FA800733580 /* Movies.app */;
			productType = "com.apple.product-type.application";
		};
		18ACBE051B559FA800733580 /* MoviesTests */ = {
			isa = PBXNativeTarget;
			buildConfigurationList = 18ACBE131B559FA800733580 /* Build configuration list for PBXNativeTarget "MoviesTests" */;
			buildPhases = (
				18ACBE021B559FA800733580 /* Sources */,
				18ACBE031B559FA800733580 /* Frameworks */,
				18ACBE041B559FA800733580 /* Resources */,
			);
			buildRules = (
			);
			dependencies = (
				18ACBE081B559FA800733580 /* PBXTargetDependency */,
			);
			name = MoviesTests;
			productName = MoviesTests;
			productReference = 18ACBE061B559FA800733580 /* MoviesTests.xctest */;
			productType = "com.apple.product-type.bundle.unit-test";
		};
/* End PBXNativeTarget section */

/* Begin PBXProject section */
		18ACBDE51B559FA800733580 /* Project object */ = {
			isa = PBXProject;
			attributes = {
				LastUpgradeCheck = 0640;
				ORGANIZATIONNAME = Thinkful;
				TargetAttributes = {
					18ACBDEC1B559FA800733580 = {
						CreatedOnToolsVersion = 6.4;
					};
					18ACBE051B559FA800733580 = {
						CreatedOnToolsVersion = 6.4;
						TestTargetID = 18ACBDEC1B559FA800733580;
					};
				};
			};
			buildConfigurationList = 18ACBDE81B559FA800733580 /* Build configuration list for PBXProject "Movies" */;
			compatibilityVersion = "Xcode 3.2";
			developmentRegion = English;
			hasScannedForEncodings = 0;
			knownRegions = (
				en,
				Base,
			);
			mainGroup = 18ACBDE41B559FA800733580;
			productRefGroup = 18ACBDEE1B559FA800733580 /* Products */;
			projectDirPath = "";
			projectRoot = "";
			targets = (
				18ACBDEC1B559FA800733580 /* Movies */,
				18ACBE051B559FA800733580 /* MoviesTests */,
			);
		};
/* End PBXProject section */

/* Begin PBXResourcesBuildPhase section */
		18ACBDEB1B559FA800733580 /* Resources */ = {
			isa = PBXResourcesBuildPhase;
			buildActionMask = 2147483647;
			files = (
				18ACBE011B559FA800733580 /* LaunchScreen.xib in Resources */,
				18ACBDFE1B559FA800733580 /* Images.xcassets in Resources */,
			);
			runOnlyForDeploymentPostprocessing = 0;
		};
		18ACBE041B559FA800733580 /* Resources */ = {
			isa = PBXResourcesBuildPhase;
			buildActionMask = 2147483647;
			files = (
			);
			runOnlyForDeploymentPostprocessing = 0;
		};
/* End PBXResourcesBuildPhase section */

/* Begin PBXShellScriptBuildPhase section */
		458CDDD01336EBB4EB176223 /* Check Pods Manifest.lock */ = {
			isa = PBXShellScriptBuildPhase;
			buildActionMask = 2147483647;
			files = (
			);
			inputPaths = (
			);
			name = "Check Pods Manifest.lock";
			outputPaths = (
			);
			runOnlyForDeploymentPostprocessing = 0;
			shellPath = /bin/sh;
			shellScript = "diff \"${PODS_ROOT}/../Podfile.lock\" \"${PODS_ROOT}/Manifest.lock\" > /dev/null\nif [[ $? != 0 ]] ; then\n    cat << EOM\nerror: The sandbox is not in sync with the Podfile.lock. Run 'pod install' or update your CocoaPods installation.\nEOM\n    exit 1\nfi\n";
			showEnvVarsInLog = 0;
		};
		C6A90DD085803A5B3FA52DD5 /* Copy Pods Resources */ = {
			isa = PBXShellScriptBuildPhase;
			buildActionMask = 2147483647;
			files = (
			);
			inputPaths = (
			);
			name = "Copy Pods Resources";
			outputPaths = (
			);
			runOnlyForDeploymentPostprocessing = 0;
			shellPath = /bin/sh;
			shellScript = "\"${SRCROOT}/Pods/Target Support Files/Pods/Pods-resources.sh\"\n";
			showEnvVarsInLog = 0;
		};
/* End PBXShellScriptBuildPhase section */

/* Begin PBXSourcesBuildPhase section */
		18ACBDE91B559FA800733580 /* Sources */ = {
			isa = PBXSourcesBuildPhase;
			buildActionMask = 2147483647;
			files = (
				18ACBDF91B559FA800733580 /* ViewController.m in Sources */,
				18ACBDF61B559FA800733580 /* AppDelegate.m in Sources */,
				188567711B73EF2300223B81 /* Movie.m in Sources */,
				18ACBDF31B559FA800733580 /* main.m in Sources */,
			);
			runOnlyForDeploymentPostprocessing = 0;
		};
		18ACBE021B559FA800733580 /* Sources */ = {
			isa = PBXSourcesBuildPhase;
			buildActionMask = 2147483647;
			files = (
				18ACBE0D1B559FA800733580 /* MoviesTests.m in Sources */,
			);
			runOnlyForDeploymentPostprocessing = 0;
		};
/* End PBXSourcesBuildPhase section */

/* Begin PBXTargetDependency section */
		18ACBE081B559FA800733580 /* PBXTargetDependency */ = {
			isa = PBXTargetDependency;
			target = 18ACBDEC1B559FA800733580 /* Movies */;
			targetProxy = 18ACBE071B559FA800733580 /* PBXContainerItemProxy */;
		};
/* End PBXTargetDependency section */

/* Begin PBXVariantGroup section */
		18ACBDFF1B559FA800733580 /* LaunchScreen.xib */ = {
			isa = PBXVariantGroup;
			children = (
				18ACBE001B559FA800733580 /* Base */,
			);
			name = LaunchScreen.xib;
			sourceTree = "<group>";
		};
/* End PBXVariantGroup section */

/* Begin XCBuildConfiguration section */
		18ACBE0E1B559FA800733580 /* Debug */ = {
			isa = XCBuildConfiguration;
			buildSettings = {
				ALWAYS_SEARCH_USER_PATHS = NO;
				CLANG_CXX_LANGUAGE_STANDARD = "gnu++0x";
				CLANG_CXX_LIBRARY = "libc++";
				CLANG_ENABLE_MODULES = YES;
				CLANG_ENABLE_OBJC_ARC = YES;
				CLANG_WARN_BOOL_CONVERSION = YES;
				CLANG_WARN_CONSTANT_CONVERSION = YES;
				CLANG_WARN_DIRECT_OBJC_ISA_USAGE = YES_ERROR;
				CLANG_WARN_EMPTY_BODY = YES;
				CLANG_WARN_ENUM_CONVERSION = YES;
				CLANG_WARN_INT_CONVERSION = YES;
				CLANG_WARN_OBJC_ROOT_CLASS = YES_ERROR;
				CLANG_WARN_UNREACHABLE_CODE = YES;
				CLANG_WARN__DUPLICATE_METHOD_MATCH = YES;
				"CODE_SIGN_IDENTITY[sdk=iphoneos*]" = "iPhone Developer";
				COPY_PHASE_STRIP = NO;
				DEBUG_INFORMATION_FORMAT = "dwarf-with-dsym";
				ENABLE_STRICT_OBJC_MSGSEND = YES;
				GCC_C_LANGUAGE_STANDARD = gnu99;
				GCC_DYNAMIC_NO_PIC = NO;
				GCC_NO_COMMON_BLOCKS = YES;
				GCC_OPTIMIZATION_LEVEL = 0;
				GCC_PREPROCESSOR_DEFINITIONS = (
					"DEBUG=1",
					"$(inherited)",
				);
				GCC_SYMBOLS_PRIVATE_EXTERN = NO;
				GCC_WARN_64_TO_32_BIT_CONVERSION = YES;
				GCC_WARN_ABOUT_RETURN_TYPE = YES_ERROR;
				GCC_WARN_UNDECLARED_SELECTOR = YES;
				GCC_WARN_UNINITIALIZED_AUTOS = YES_AGGRESSIVE;
				GCC_WARN_UNUSED_FUNCTION = YES;
				GCC_WARN_UNUSED_VARIABLE = YES;
				IPHONEOS_DEPLOYMENT_TARGET = 8.4;
				MTL_ENABLE_DEBUG_INFO = YES;
				ONLY_ACTIVE_ARCH = YES;
				SDKROOT = iphoneos;
				TARGETED_DEVICE_FAMILY = "1,2";
			};
			name = Debug;
		};
		18ACBE0F1B559FA800733580 /* Release */ = {
			isa = XCBuildConfiguration;
			buildSettings = {
				ALWAYS_SEARCH_USER_PATHS = NO;
				CLANG_CXX_LANGUAGE_STANDARD = "gnu++0x";
				CLANG_CXX_LIBRARY = "libc++";
				CLANG_ENABLE_MODULES = YES;
				CLANG_ENABLE_OBJC_ARC = YES;
				CLANG_WARN_BOOL_CONVERSION = YES;
				CLANG_WARN_CONSTANT_CONVERSION = YES;
				CLANG_WARN_DIRECT_OBJC_ISA_USAGE = YES_ERROR;
				CLANG_WARN_EMPTY_BODY = YES;
				CLANG_WARN_ENUM_CONVERSION = YES;
				CLANG_WARN_INT_CONVERSION = YES;
				CLANG_WARN_OBJC_ROOT_CLASS = YES_ERROR;
				CLANG_WARN_UNREACHABLE_CODE = YES;
				CLANG_WARN__DUPLICATE_METHOD_MATCH = YES;
				"CODE_SIGN_IDENTITY[sdk=iphoneos*]" = "iPhone Developer";
				COPY_PHASE_STRIP = NO;
				DEBUG_INFORMATION_FORMAT = "dwarf-with-dsym";
				ENABLE_NS_ASSERTIONS = NO;
				ENABLE_STRICT_OBJC_MSGSEND = YES;
				GCC_C_LANGUAGE_STANDARD = gnu99;
				GCC_NO_COMMON_BLOCKS = YES;
				GCC_WARN_64_TO_32_BIT_CONVERSION = YES;
				GCC_WARN_ABOUT_RETURN_TYPE = YES_ERROR;
				GCC_WARN_UNDECLARED_SELECTOR = YES;
				GCC_WARN_UNINITIALIZED_AUTOS = YES_AGGRESSIVE;
				GCC_WARN_UNUSED_FUNCTION = YES;
				GCC_WARN_UNUSED_VARIABLE = YES;
				IPHONEOS_DEPLOYMENT_TARGET = 8.4;
				MTL_ENABLE_DEBUG_INFO = NO;
				SDKROOT = iphoneos;
				TARGETED_DEVICE_FAMILY = "1,2";
				VALIDATE_PRODUCT = YES;
			};
			name = Release;
		};
		18ACBE111B559FA800733580 /* Debug */ = {
			isa = XCBuildConfiguration;
			baseConfigurationReference = 5198B192C6674BFA01BDEAF4 /* Pods.debug.xcconfig */;
			buildSettings = {
				ASSETCATALOG_COMPILER_APPICON_NAME = AppIcon;
				INFOPLIST_FILE = Movies/Info.plist;
				LD_RUNPATH_SEARCH_PATHS = "$(inherited) @executable_path/Frameworks";
				PRODUCT_NAME = "$(TARGET_NAME)";
			};
			name = Debug;
		};
		18ACBE121B559FA800733580 /* Release */ = {
			isa = XCBuildConfiguration;
			baseConfigurationReference = 47977281BCD9910D8F8FC5E0 /* Pods.release.xcconfig */;
			buildSettings = {
				ASSETCATALOG_COMPILER_APPICON_NAME = AppIcon;
				INFOPLIST_FILE = Movies/Info.plist;
				LD_RUNPATH_SEARCH_PATHS = "$(inherited) @executable_path/Frameworks";
				PRODUCT_NAME = "$(TARGET_NAME)";
			};
			name = Release;
		};
		18ACBE141B559FA800733580 /* Debug */ = {
			isa = XCBuildConfiguration;
			buildSettings = {
				BUNDLE_LOADER = "$(TEST_HOST)";
				FRAMEWORK_SEARCH_PATHS = (
					"$(SDKROOT)/Developer/Library/Frameworks",
					"$(inherited)",
				);
				GCC_PREPROCESSOR_DEFINITIONS = (
					"DEBUG=1",
					"$(inherited)",
				);
				INFOPLIST_FILE = MoviesTests/Info.plist;
				LD_RUNPATH_SEARCH_PATHS = "$(inherited) @executable_path/Frameworks @loader_path/Frameworks";
				PRODUCT_NAME = "$(TARGET_NAME)";
				TEST_HOST = "$(BUILT_PRODUCTS_DIR)/Movies.app/Movies";
			};
			name = Debug;
		};
		18ACBE151B559FA800733580 /* Release */ = {
			isa = XCBuildConfiguration;
			buildSettings = {
				BUNDLE_LOADER = "$(TEST_HOST)";
				FRAMEWORK_SEARCH_PATHS = (
					"$(SDKROOT)/Developer/Library/Frameworks",
					"$(inherited)",
				);
				INFOPLIST_FILE = MoviesTests/Info.plist;
				LD_RUNPATH_SEARCH_PATHS = "$(inherited) @executable_path/Frameworks @loader_path/Frameworks";
				PRODUCT_NAME = "$(TARGET_NAME)";
				TEST_HOST = "$(BUILT_PRODUCTS_DIR)/Movies.app/Movies";
			};
			name = Release;
		};
/* End XCBuildConfiguration section */

/* Begin XCConfigurationList section */
		18ACBDE81B559FA800733580 /* Build configuration list for PBXProject "Movies" */ = {
			isa = XCConfigurationList;
			buildConfigurations = (
				18ACBE0E1B559FA800733580 /* Debug */,
				18ACBE0F1B559FA800733580 /* Release */,
			);
			defaultConfigurationIsVisible = 0;
			defaultConfigurationName = Release;
		};
		18ACBE101B559FA800733580 /* Build configuration list for PBXNativeTarget "Movies" */ = {
			isa = XCConfigurationList;
			buildConfigurations = (
				18ACBE111B559FA800733580 /* Debug */,
				18ACBE121B559FA800733580 /* Release */,
			);
			defaultConfigurationIsVisible = 0;
			defaultConfigurationName = Release;
		};
		18ACBE131B559FA800733580 /* Build configuration list for PBXNativeTarget "MoviesTests" */ = {
			isa = XCConfigurationList;
			buildConfigurations = (
				18ACBE141B559FA800733580 /* Debug */,
				18ACBE151B559FA800733580 /* Release */,
			);
			defaultConfigurationIsVisible = 0;
			defaultConfigurationName = Release;
		};
/* End XCConfigurationList section */
	};
	rootObject = 18ACBDE51B559FA800733580 /* Project object */;
}
